// !$*UTF8*$!
{
	archiveVersion = 1;
	classes = {
	};
	objectVersion = 46;
	objects = {

/* Begin PBXBuildFile section */
		B64EE5791A651F6B00D308C6 /* main.m in Sources */ = {isa = PBXBuildFile; fileRef = B64EE5781A651F6B00D308C6 /* main.m */; };
		B64EE57C1A651F6B00D308C6 /* AppDelegate.m in Sources */ = {isa = PBXBuildFile; fileRef = B64EE57B1A651F6B00D308C6 /* AppDelegate.m */; };
		B64EE57F1A651F6B00D308C6 /* zhifubaoSDK.xcdatamodeld in Sources */ = {isa = PBXBuildFile; fileRef = B64EE57D1A651F6B00D308C6 /* zhifubaoSDK.xcdatamodeld */; };
		B64EE5821A651F6B00D308C6 /* ViewController.m in Sources */ = {isa = PBXBuildFile; fileRef = B64EE5811A651F6B00D308C6 /* ViewController.m */; };
		B64EE5851A651F6B00D308C6 /* Main.storyboard in Resources */ = {isa = PBXBuildFile; fileRef = B64EE5831A651F6B00D308C6 /* Main.storyboard */; };
		B64EE5871A651F6B00D308C6 /* Images.xcassets in Resources */ = {isa = PBXBuildFile; fileRef = B64EE5861A651F6B00D308C6 /* Images.xcassets */; };
		B64EE58A1A651F6B00D308C6 /* LaunchScreen.xib in Resources */ = {isa = PBXBuildFile; fileRef = B64EE5881A651F6B00D308C6 /* LaunchScreen.xib */; };
		B64EE5961A651F6B00D308C6 /* zhifubaoSDKTests.m in Sources */ = {isa = PBXBuildFile; fileRef = B64EE5951A651F6B00D308C6 /* zhifubaoSDKTests.m */; };
		B64EE5B61A65282300D308C6 /* AlipaySDK.bundle in Resources */ = {isa = PBXBuildFile; fileRef = B64EE5B21A65282300D308C6 /* AlipaySDK.bundle */; };
		B64EE5B71A65282300D308C6 /* AlipaySDK.framework in Frameworks */ = {isa = PBXBuildFile; fileRef = B64EE5B31A65282300D308C6 /* AlipaySDK.framework */; };
		B64EE5B81A65282300D308C6 /* libcrypto.a in Frameworks */ = {isa = PBXBuildFile; fileRef = B64EE5B41A65282300D308C6 /* libcrypto.a */; };
		B64EE5B91A65282300D308C6 /* libssl.a in Frameworks */ = {isa = PBXBuildFile; fileRef = B64EE5B51A65282300D308C6 /* libssl.a */; };
/* End PBXBuildFile section */

/* Begin PBXContainerItemProxy section */
		B64EE5901A651F6B00D308C6 /* PBXContainerItemProxy */ = {
			isa = PBXContainerItemProxy;
			containerPortal = B64EE56B1A651F6A00D308C6 /* Project object */;
			proxyType = 1;
			remoteGlobalIDString = B64EE5721A651F6A00D308C6;
			remoteInfo = zhifubaoSDK;
		};
/* End PBXContainerItemProxy section */

/* Begin PBXFileReference section */
		B64EE5731A651F6A00D308C6 /* zhifubaoSDK.app */ = {isa = PBXFileReference; explicitFileType = wrapper.application; includeInIndex = 0; path = zhifubaoSDK.app; sourceTree = BUILT_PRODUCTS_DIR; };
		B64EE5771A651F6B00D308C6 /* Info.plist */ = {isa = PBXFileReference; lastKnownFileType = text.plist.xml; path = Info.plist; sourceTree = "<group>"; };
		B64EE5781A651F6B00D308C6 /* main.m */ = {isa = PBXFileReference; lastKnownFileType = sourcecode.c.objc; path = main.m; sourceTree = "<group>"; };
		B64EE57A1A651F6B00D308C6 /* AppDelegate.h */ = {isa = PBXFileReference; lastKnownFileType = sourcecode.c.h; path = AppDelegate.h; sourceTree = "<group>"; };
		B64EE57B1A651F6B00D308C6 /* AppDelegate.m */ = {isa = PBXFileReference; lastKnownFileType = sourcecode.c.objc; path = AppDelegate.m; sourceTree = "<group>"; };
		B64EE57E1A651F6B00D308C6 /* zhifubaoSDK.xcdatamodel */ = {isa = PBXFileReference; lastKnownFileType = wrapper.xcdatamodel; path = zhifubaoSDK.xcdatamodel; sourceTree = "<group>"; };
		B64EE5801A651F6B00D308C6 /* ViewController.h */ = {isa = PBXFileReference; lastKnownFileType = sourcecode.c.h; path = ViewController.h; sourceTree = "<group>"; };
		B64EE5811A651F6B00D308C6 /* ViewController.m */ = {isa = PBXFileReference; lastKnownFileType = sourcecode.c.objc; path = ViewController.m; sourceTree = "<group>"; };
		B64EE5841A651F6B00D308C6 /* Base */ = {isa = PBXFileReference; lastKnownFileType = file.storyboard; name = Base; path = Base.lproj/Main.storyboard; sourceTree = "<group>"; };
		B64EE5861A651F6B00D308C6 /* Images.xcassets */ = {isa = PBXFileReference; lastKnownFileType = folder.assetcatalog; path = Images.xcassets; sourceTree = "<group>"; };
		B64EE5891A651F6B00D308C6 /* Base */ = {isa = PBXFileReference; lastKnownFileType = file.xib; name = Base; path = Base.lproj/LaunchScreen.xib; sourceTree = "<group>"; };
		B64EE58F1A651F6B00D308C6 /* zhifubaoSDKTests.xctest */ = {isa = PBXFileReference; explicitFileType = wrapper.cfbundle; includeInIndex = 0; path = zhifubaoSDKTests.xctest; sourceTree = BUILT_PRODUCTS_DIR; };
		B64EE5941A651F6B00D308C6 /* Info.plist */ = {isa = PBXFileReference; lastKnownFileType = text.plist.xml; path = Info.plist; sourceTree = "<group>"; };
		B64EE5951A651F6B00D308C6 /* zhifubaoSDKTests.m */ = {isa = PBXFileReference; lastKnownFileType = sourcecode.c.objc; path = zhifubaoSDKTests.m; sourceTree = "<group>"; };
		B64EE5B21A65282300D308C6 /* AlipaySDK.bundle */ = {isa = PBXFileReference; lastKnownFileType = "wrapper.plug-in"; path = AlipaySDK.bundle; sourceTree = "<group>"; };
		B64EE5B31A65282300D308C6 /* AlipaySDK.framework */ = {isa = PBXFileReference; lastKnownFileType = wrapper.framework; path = AlipaySDK.framework; sourceTree = "<group>"; };
		B64EE5B41A65282300D308C6 /* libcrypto.a */ = {isa = PBXFileReference; lastKnownFileType = archive.ar; path = libcrypto.a; sourceTree = "<group>"; };
		B64EE5B51A65282300D308C6 /* libssl.a */ = {isa = PBXFileReference; lastKnownFileType = archive.ar; path = libssl.a; sourceTree = "<group>"; };
/* End PBXFileReference section */

/* Begin PBXFrameworksBuildPhase section */
		B64EE5701A651F6A00D308C6 /* Frameworks */ = {
			isa = PBXFrameworksBuildPhase;
			buildActionMask = 2147483647;
			files = (
				B64EE5B81A65282300D308C6 /* libcrypto.a in Frameworks */,
				B64EE5B71A65282300D308C6 /* AlipaySDK.framework in Frameworks */,
				B64EE5B91A65282300D308C6 /* libssl.a in Frameworks */,
			);
			runOnlyForDeploymentPostprocessing = 0;
		};
		B64EE58C1A651F6B00D308C6 /* Frameworks */ = {
			isa = PBXFrameworksBuildPhase;
			buildActionMask = 2147483647;
			files = (
			);
			runOnlyForDeploymentPostprocessing = 0;
		};
/* End PBXFrameworksBuildPhase section */

/* Begin PBXGroup section */
		B64EE56A1A651F6A00D308C6 = {
			isa = PBXGroup;
			children = (
				B64EE5751A651F6A00D308C6 /* zhifubaoSDK */,
				B64EE5921A651F6B00D308C6 /* zhifubaoSDKTests */,
				B64EE5741A651F6A00D308C6 /* Products */,
			);
			sourceTree = "<group>";
		};
		B64EE5741A651F6A00D308C6 /* Products */ = {
			isa = PBXGroup;
			children = (
				B64EE5731A651F6A00D308C6 /* zhifubaoSDK.app */,
				B64EE58F1A651F6B00D308C6 /* zhifubaoSDKTests.xctest */,
			);
			name = Products;
			sourceTree = "<group>";
		};
		B64EE5751A651F6A00D308C6 /* zhifubaoSDK */ = {
			isa = PBXGroup;
			children = (
				B64EE5B11A65282300D308C6 /* SDK */,
				B64EE57A1A651F6B00D308C6 /* AppDelegate.h */,
				B64EE57B1A651F6B00D308C6 /* AppDelegate.m */,
				B64EE5801A651F6B00D308C6 /* ViewController.h */,
				B64EE5811A651F6B00D308C6 /* ViewController.m */,
				B64EE5831A651F6B00D308C6 /* Main.storyboard */,
				B64EE5861A651F6B00D308C6 /* Images.xcassets */,
				B64EE5881A651F6B00D308C6 /* LaunchScreen.xib */,
				B64EE57D1A651F6B00D308C6 /* zhifubaoSDK.xcdatamodeld */,
				B64EE5761A651F6B00D308C6 /* Supporting Files */,
			);
			path = zhifubaoSDK;
			sourceTree = "<group>";
		};
		B64EE5761A651F6B00D308C6 /* Supporting Files */ = {
			isa = PBXGroup;
			children = (
				B64EE5771A651F6B00D308C6 /* Info.plist */,
				B64EE5781A651F6B00D308C6 /* main.m */,
			);
			name = "Supporting Files";
			sourceTree = "<group>";
		};
		B64EE5921A651F6B00D308C6 /* zhifubaoSDKTests */ = {
			isa = PBXGroup;
			children = (
				B64EE5951A651F6B00D308C6 /* zhifubaoSDKTests.m */,
				B64EE5931A651F6B00D308C6 /* Supporting Files */,
			);
			path = zhifubaoSDKTests;
			sourceTree = "<group>";
		};
		B64EE5931A651F6B00D308C6 /* Supporting Files */ = {
			isa = PBXGroup;
			children = (
				B64EE5941A651F6B00D308C6 /* Info.plist */,
			);
			name = "Supporting Files";
			sourceTree = "<group>";
		};
		B64EE5B11A65282300D308C6 /* SDK */ = {
			isa = PBXGroup;
			children = (
				B64EE5B21A65282300D308C6 /* AlipaySDK.bundle */,
				B64EE5B31A65282300D308C6 /* AlipaySDK.framework */,
				B64EE5B41A65282300D308C6 /* libcrypto.a */,
				B64EE5B51A65282300D308C6 /* libssl.a */,
			);
			path = SDK;
			sourceTree = "<group>";
		};
/* End PBXGroup section */

/* Begin PBXNativeTarget section */
		B64EE5721A651F6A00D308C6 /* zhifubaoSDK */ = {
			isa = PBXNativeTarget;
			buildConfigurationList = B64EE5991A651F6B00D308C6 /* Build configuration list for PBXNativeTarget "zhifubaoSDK" */;
			buildPhases = (
				B64EE56F1A651F6A00D308C6 /* Sources */,
				B64EE5701A651F6A00D308C6 /* Frameworks */,
				B64EE5711A651F6A00D308C6 /* Resources */,
			);
			buildRules = (
			);
			dependencies = (
			);
			name = zhifubaoSDK;
			productName = zhifubaoSDK;
			productReference = B64EE5731A651F6A00D308C6 /* zhifubaoSDK.app */;
			productType = "com.apple.product-type.application";
		};
		B64EE58E1A651F6B00D308C6 /* zhifubaoSDKTests */ = {
			isa = PBXNativeTarget;
			buildConfigurationList = B64EE59C1A651F6B00D308C6 /* Build configuration list for PBXNativeTarget "zhifubaoSDKTests" */;
			buildPhases = (
				B64EE58B1A651F6B00D308C6 /* Sources */,
				B64EE58C1A651F6B00D308C6 /* Frameworks */,
				B64EE58D1A651F6B00D308C6 /* Resources */,
			);
			buildRules = (
			);
			dependencies = (
				B64EE5911A651F6B00D308C6 /* PBXTargetDependency */,
			);
			name = zhifubaoSDKTests;
			productName = zhifubaoSDKTests;
			productReference = B64EE58F1A651F6B00D308C6 /* zhifubaoSDKTests.xctest */;
			productType = "com.apple.product-type.bundle.unit-test";
		};
/* End PBXNativeTarget section */

/* Begin PBXProject section */
		B64EE56B1A651F6A00D308C6 /* Project object */ = {
			isa = PBXProject;
			attributes = {
				LastUpgradeCheck = 0610;
				ORGANIZATIONNAME = cen;
				TargetAttributes = {
					B64EE5721A651F6A00D308C6 = {
						CreatedOnToolsVersion = 6.1;
					};
					B64EE58E1A651F6B00D308C6 = {
						CreatedOnToolsVersion = 6.1;
						TestTargetID = B64EE5721A651F6A00D308C6;
					};
				};
			};
			buildConfigurationList = B64EE56E1A651F6A00D308C6 /* Build configuration list for PBXProject "zhifubaoSDK" */;
			compatibilityVersion = "Xcode 3.2";
			developmentRegion = English;
			hasScannedForEncodings = 0;
			knownRegions = (
				en,
				Base,
			);
			mainGroup = B64EE56A1A651F6A00D308C6;
			productRefGroup = B64EE5741A651F6A00D308C6 /* Products */;
			projectDirPath = "";
			projectRoot = "";
			targets = (
				B64EE5721A651F6A00D308C6 /* zhifubaoSDK */,
				B64EE58E1A651F6B00D308C6 /* zhifubaoSDKTests */,
			);
		};
/* End PBXProject section */

/* Begin PBXResourcesBuildPhase section */
		B64EE5711A651F6A00D308C6 /* Resources */ = {
			isa = PBXResourcesBuildPhase;
			buildActionMask = 2147483647;
			files = (
				B64EE5851A651F6B00D308C6 /* Main.storyboard in Resources */,
				B64EE58A1A651F6B00D308C6 /* LaunchScreen.xib in Resources */,
				B64EE5B61A65282300D308C6 /* AlipaySDK.bundle in Resources */,
				B64EE5871A651F6B00D308C6 /* Images.xcassets in Resources */,
			);
			runOnlyForDeploymentPostprocessing = 0;
		};
		B64EE58D1A651F6B00D308C6 /* Resources */ = {
			isa = PBXResourcesBuildPhase;
			buildActionMask = 2147483647;
			files = (
			);
			runOnlyForDeploymentPostprocessing = 0;
		};
/* End PBXResourcesBuildPhase section */

/* Begin PBXSourcesBuildPhase section */
		B64EE56F1A651F6A00D308C6 /* Sources */ = {
			isa = PBXSourcesBuildPhase;
			buildActionMask = 2147483647;
			files = (
				B64EE57C1A651F6B00D308C6 /* AppDelegate.m in Sources */,
				B64EE57F1A651F6B00D308C6 /* zhifubaoSDK.xcdatamodeld in Sources */,
				B64EE5821A651F6B00D308C6 /* ViewController.m in Sources */,
				B64EE5791A651F6B00D308C6 /* main.m in Sources */,
			);
			runOnlyForDeploymentPostprocessing = 0;
		};
		B64EE58B1A651F6B00D308C6 /* Sources */ = {
			isa = PBXSourcesBuildPhase;
			buildActionMask = 2147483647;
			files = (
				B64EE5961A651F6B00D308C6 /* zhifubaoSDKTests.m in Sources */,
			);
			runOnlyForDeploymentPostprocessing = 0;
		};
/* End PBXSourcesBuildPhase section */

/* Begin PBXTargetDependency section */
		B64EE5911A651F6B00D308C6 /* PBXTargetDependency */ = {
			isa = PBXTargetDependency;
			target = B64EE5721A651F6A00D308C6 /* zhifubaoSDK */;
			targetProxy = B64EE5901A651F6B00D308C6 /* PBXContainerItemProxy */;
		};
/* End PBXTargetDependency section */

/* Begin PBXVariantGroup section */
		B64EE5831A651F6B00D308C6 /* Main.storyboard */ = {
			isa = PBXVariantGroup;
			children = (
				B64EE5841A651F6B00D308C6 /* Base */,
			);
			name = Main.storyboard;
			sourceTree = "<group>";
		};
		B64EE5881A651F6B00D308C6 /* LaunchScreen.xib */ = {
			isa = PBXVariantGroup;
			children = (
				B64EE5891A651F6B00D308C6 /* Base */,
			);
			name = LaunchScreen.xib;
			sourceTree = "<group>";
		};
/* End PBXVariantGroup section */

/* Begin XCBuildConfiguration section */
		B64EE5971A651F6B00D308C6 /* Debug */ = {
			isa = XCBuildConfiguration;
			buildSettings = {
				ALWAYS_SEARCH_USER_PATHS = NO;
				CLANG_CXX_LANGUAGE_STANDARD = "gnu++0x";
				CLANG_CXX_LIBRARY = "libc++";
				CLANG_ENABLE_MODULES = YES;
				CLANG_ENABLE_OBJC_ARC = YES;
				CLANG_WARN_BOOL_CONVERSION = YES;
				CLANG_WARN_CONSTANT_CONVERSION = YES;
				CLANG_WARN_DIRECT_OBJC_ISA_USAGE = YES_ERROR;
				CLANG_WARN_EMPTY_BODY = YES;
				CLANG_WARN_ENUM_CONVERSION = YES;
				CLANG_WARN_INT_CONVERSION = YES;
				CLANG_WARN_OBJC_ROOT_CLASS = YES_ERROR;
				CLANG_WARN_UNREACHABLE_CODE = YES;
				CLANG_WARN__DUPLICATE_METHOD_MATCH = YES;
				"CODE_SIGN_IDENTITY[sdk=iphoneos*]" = "iPhone Developer";
				COPY_PHASE_STRIP = NO;
				ENABLE_STRICT_OBJC_MSGSEND = YES;
				GCC_C_LANGUAGE_STANDARD = gnu99;
				GCC_DYNAMIC_NO_PIC = NO;
				GCC_OPTIMIZATION_LEVEL = 0;
				GCC_PREPROCESSOR_DEFINITIONS = (
					"DEBUG=1",
					"$(inherited)",
				);
				GCC_SYMBOLS_PRIVATE_EXTERN = NO;
				GCC_WARN_64_TO_32_BIT_CONVERSION = YES;
				GCC_WARN_ABOUT_RETURN_TYPE = YES_ERROR;
				GCC_WARN_UNDECLARED_SELECTOR = YES;
				GCC_WARN_UNINITIALIZED_AUTOS = YES_AGGRESSIVE;
				GCC_WARN_UNUSED_FUNCTION = YES;
				GCC_WARN_UNUSED_VARIABLE = YES;
				IPHONEOS_DEPLOYMENT_TARGET = 8.1;
				MTL_ENABLE_DEBUG_INFO = YES;
				ONLY_ACTIVE_ARCH = YES;
				SDKROOT = iphoneos;
				TARGETED_DEVICE_FAMILY = "1,2";
			};
			name = Debug;
		};
		B64EE5981A651F6B00D308C6 /* Release */ = {
			isa = XCBuildConfiguration;
			buildSettings = {
				ALWAYS_SEARCH_USER_PATHS = NO;
				CLANG_CXX_LANGUAGE_STANDARD = "gnu++0x";
				CLANG_CXX_LIBRARY = "libc++";
				CLANG_ENABLE_MODULES = YES;
				CLANG_ENABLE_OBJC_ARC = YES;
				CLANG_WARN_BOOL_CONVERSION = YES;
				CLANG_WARN_CONSTANT_CONVERSION = YES;
				CLANG_WARN_DIRECT_OBJC_ISA_USAGE = YES_ERROR;
				CLANG_WARN_EMPTY_BODY = YES;
				CLANG_WARN_ENUM_CONVERSION = YES;
				CLANG_WARN_INT_CONVERSION = YES;
				CLANG_WARN_OBJC_ROOT_CLASS = YES_ERROR;
				CLANG_WARN_UNREACHABLE_CODE = YES;
				CLANG_WARN__DUPLICATE_METHOD_MATCH = YES;
				"CODE_SIGN_IDENTITY[sdk=iphoneos*]" = "iPhone Developer";
				COPY_PHASE_STRIP = YES;
				ENABLE_NS_ASSERTIONS = NO;
				ENABLE_STRICT_OBJC_MSGSEND = YES;
				GCC_C_LANGUAGE_STANDARD = gnu99;
				GCC_WARN_64_TO_32_BIT_CONVERSION = YES;
				GCC_WARN_ABOUT_RETURN_TYPE = YES_ERROR;
				GCC_WARN_UNDECLARED_SELECTOR = YES;
				GCC_WARN_UNINITIALIZED_AUTOS = YES_AGGRESSIVE;
				GCC_WARN_UNUSED_FUNCTION = YES;
				GCC_WARN_UNUSED_VARIABLE = YES;
				IPHONEOS_DEPLOYMENT_TARGET = 8.1;
				MTL_ENABLE_DEBUG_INFO = NO;
				SDKROOT = iphoneos;
				TARGETED_DEVICE_FAMILY = "1,2";
				VALIDATE_PRODUCT = YES;
			};
			name = Release;
		};
		B64EE59A1A651F6B00D308C6 /* Debug */ = {
			isa = XCBuildConfiguration;
			buildSettings = {
				ASSETCATALOG_COMPILER_APPICON_NAME = AppIcon;
				FRAMEWORK_SEARCH_PATHS = (
					"$(inherited)",
					"$(PROJECT_DIR)/zhifubaoSDK/SDK",
				);
				INFOPLIST_FILE = zhifubaoSDK/Info.plist;
				LD_RUNPATH_SEARCH_PATHS = "$(inherited) @executable_path/Frameworks";
				LIBRARY_SEARCH_PATHS = (
					"$(inherited)",
					"$(PROJECT_DIR)/zhifubaoSDK/SDK",
				);
				PRODUCT_NAME = "$(TARGET_NAME)";
			};
			name = Debug;
		};
		B64EE59B1A651F6B00D308C6 /* Release */ = {
			isa = XCBuildConfiguration;
			buildSettings = {
				ASSETCATALOG_COMPILER_APPICON_NAME = AppIcon;
				FRAMEWORK_SEARCH_PATHS = (
					"$(inherited)",
					"$(PROJECT_DIR)/zhifubaoSDK/SDK",
				);
				INFOPLIST_FILE = zhifubaoSDK/Info.plist;
				LD_RUNPATH_SEARCH_PATHS = "$(inherited) @executable_path/Frameworks";
				LIBRARY_SEARCH_PATHS = (
					"$(inherited)",
					"$(PROJECT_DIR)/zhifubaoSDK/SDK",
				);
				PRODUCT_NAME = "$(TARGET_NAME)";
			};
			name = Release;
		};
		B64EE59D1A651F6B00D308C6 /* Debug */ = {
			isa = XCBuildConfiguration;
			buildSettings = {
				BUNDLE_LOADER = "$(TEST_HOST)";
				FRAMEWORK_SEARCH_PATHS = (
					"$(SDKROOT)/Developer/Library/Frameworks",
					"$(inherited)",
				);
				GCC_PREPROCESSOR_DEFINITIONS = (
					"DEBUG=1",
					"$(inherited)",
				);
				INFOPLIST_FILE = zhifubaoSDKTests/Info.plist;
				LD_RUNPATH_SEARCH_PATHS = "$(inherited) @executable_path/Frameworks @loader_path/Frameworks";
				PRODUCT_NAME = "$(TARGET_NAME)";
				TEST_HOST = "$(BUILT_PRODUCTS_DIR)/zhifubaoSDK.app/zhifubaoSDK";
			};
			name = Debug;
		};
		B64EE59E1A651F6B00D308C6 /* Release */ = {
			isa = XCBuildConfiguration;
			buildSettings = {
				BUNDLE_LOADER = "$(TEST_HOST)";
				FRAMEWORK_SEARCH_PATHS = (
					"$(SDKROOT)/Developer/Library/Frameworks",
					"$(inherited)",
				);
				INFOPLIST_FILE = zhifubaoSDKTests/Info.plist;
				LD_RUNPATH_SEARCH_PATHS = "$(inherited) @executable_path/Frameworks @loader_path/Frameworks";
				PRODUCT_NAME = "$(TARGET_NAME)";
				TEST_HOST = "$(BUILT_PRODUCTS_DIR)/zhifubaoSDK.app/zhifubaoSDK";
			};
			name = Release;
		};
/* End XCBuildConfiguration section */

/* Begin XCConfigurationList section */
		B64EE56E1A651F6A00D308C6 /* Build configuration list for PBXProject "zhifubaoSDK" */ = {
			isa = XCConfigurationList;
			buildConfigurations = (
				B64EE5971A651F6B00D308C6 /* Debug */,
				B64EE5981A651F6B00D308C6 /* Release */,
			);
			defaultConfigurationIsVisible = 0;
			defaultConfigurationName = Release;
		};
		B64EE5991A651F6B00D308C6 /* Build configuration list for PBXNativeTarget "zhifubaoSDK" */ = {
			isa = XCConfigurationList;
			buildConfigurations = (
				B64EE59A1A651F6B00D308C6 /* Debug */,
				B64EE59B1A651F6B00D308C6 /* Release */,
			);
			defaultConfigurationIsVisible = 0;
			defaultConfigurationName = Release;
		};
		B64EE59C1A651F6B00D308C6 /* Build configuration list for PBXNativeTarget "zhifubaoSDKTests" */ = {
			isa = XCConfigurationList;
			buildConfigurations = (
				B64EE59D1A651F6B00D308C6 /* Debug */,
				B64EE59E1A651F6B00D308C6 /* Release */,
			);
			defaultConfigurationIsVisible = 0;
			defaultConfigurationName = Release;
		};
/* End XCConfigurationList section */

/* Begin XCVersionGroup section */
		B64EE57D1A651F6B00D308C6 /* zhifubaoSDK.xcdatamodeld */ = {
			isa = XCVersionGroup;
			children = (
				B64EE57E1A651F6B00D308C6 /* zhifubaoSDK.xcdatamodel */,
			);
			currentVersion = B64EE57E1A651F6B00D308C6 /* zhifubaoSDK.xcdatamodel */;
			path = zhifubaoSDK.xcdatamodeld;
			sourceTree = "<group>";
			versionGroupType = wrapper.xcdatamodel;
		};
/* End XCVersionGroup section */
	};
	rootObject = B64EE56B1A651F6A00D308C6 /* Project object */;
}
